{
  "name": "Chrome-extension-performance-tools",
  "lockfileVersion": 3,
  "requires": true,
  "packages": {
    "": {
      "dependencies": {
        "progressbar.js": "^1.1.1"
      },
      "devDependencies": {
        "@types/progressbar.js": "^1.1.7",
        "prettier": "3.3.3"
      }
    },
    "node_modules/@types/progressbar.js": {
      "version": "1.1.7",
      "resolved": "https://registry.npmjs.org/@types/progressbar.js/-/progressbar.js-1.1.7.tgz",
      "integrity": "sha512-ZdRMStiN7GC8uMsQ4dU2Scn0lzTUF4wZDe1+8X/IKYmjQ7lpHEVXKO5qEK12Z1TLJ9fo5+H351SyrxqtdZ/Zew==",
      "dev": true
    },
    "node_modules/fsevents": {
      "version": "2.3.3",
      "resolved": "https://registry.npmjs.org/fsevents/-/fsevents-2.3.3.tgz",
      "integrity": "sha512-5xoDfX+fL7faATnagmWPpbFtwh/R77WmMMqqHGS65C3vvB0YHrgF+B1YmZ3441tMj5n63k0212XNoJwzlhffQw==",
      "hasInstallScript": true,
      "optional": true,
      "os": [
        "darwin"
      ],
      "engines": {
        "node": "^8.16.0 || ^10.6.0 || >=11.0.0"
      }
    },
    "node_modules/lodash.merge": {
      "version": "4.6.2",
      "resolved": "https://registry.npmjs.org/lodash.merge/-/lodash.merge-4.6.2.tgz",
      "integrity": "sha512-0KpjqXRVvrYyCsX1swR/XTK0va6VQkQM6MNo7PqW77ByjAhoARA8EfrP1N4+KlKj8YS0ZUCtRT/YUuhyYDujIQ=="
    },
    "node_modules/prettier": {
      "version": "3.3.3",
      "resolved": "https://registry.npmjs.org/prettier/-/prettier-3.3.3.tgz",
      "integrity": "sha512-i2tDNA0O5IrMO757lfrdQZCc2jPNDVntV0m/+4whiDfWaTKfMNgR7Qz0NAeGz/nRqF4m5/6CLzbP4/liHt12Ew==",
      "dev": true,
      "license": "MIT",
      "bin": {
        "prettier": "bin/prettier.cjs"
      },
      "engines": {
        "node": ">=14"
      },
      "funding": {
        "url": "https://github.com/prettier/prettier?sponsor=1"
      }
    },
    "node_modules/progressbar.js": {
      "version": "1.1.1",
      "resolved": "https://registry.npmjs.org/progressbar.js/-/progressbar.js-1.1.1.tgz",
      "integrity": "sha512-FBsw3BKsUbb+hNeYfiP3xzvAAQrPi4DnGDw66bCmfuRCDLcslxyxv2GyYUdBSKFGSIBa73CUP5WMcl6F8AAXlw==",
      "dependencies": {
        "lodash.merge": "^4.6.2",
        "shifty": "^2.8.3"
      }
    },
    "node_modules/shifty": {
      "version": "2.20.4",
      "resolved": "https://registry.npmjs.org/shifty/-/shifty-2.20.4.tgz",
      "integrity": "sha512-4Y0qRkg8ME5XN8yGNAwmFOmsIURGFKT9UQfNL6DDJQErYtN5HsjyoBuJn41ZQfTkuu2rIbRMn9qazjKsDpO2TA==",
      "optionalDependencies": {
        "fsevents": "^2.3.2"
      }
    }
  }
}
